
Microsoft Visual Studio Solution File, Format Version 12.00
# Visual Studio Version 17
VisualStudioVersion = 17.8.34322.80
MinimumVisualStudioVersion = 10.0.40219.1
Project("{FAE04EC0-301F-11D3-BF4B-00C04F79EFBC}") = "QLSB", "QLSB.csproj", "{868ECA8E-7F90-4364-A0A0-0CB8202FA369}"
EndProject
Global
	GlobalSection(SolutionConfigurationPlatforms) = preSolution
		Debug|Any CPU = Debug|Any CPU
		Release|Any CPU = Release|Any CPU
	EndGlobalSection
	GlobalSection(ProjectConfigurationPlatforms) = postSolution
		{868ECA8E-7F90-4364-A0A0-0CB8202FA369}.Debug|Any CPU.ActiveCfg = Debug|Any CPU
		{868ECA8E-7F90-4364-A0A0-0CB8202FA369}.Debug|Any CPU.Build.0 = Debug|Any CPU
		{868ECA8E-7F90-4364-A0A0-0CB8202FA369}.Release|Any CPU.ActiveCfg = Release|Any CPU
		{868ECA8E-7F90-4364-A0A0-0CB8202FA369}.Release|Any CPU.Build.0 = Release|Any CPU
	EndGlobalSection
	GlobalSection(SolutionProperties) = preSolution
		HideSolutionNode = FALSE
	EndGlobalSection
	GlobalSection(ExtensibilityGlobals) = postSolution
		SolutionGuid = {E686DCC7-F3A1-426F-BF24-74823A6F32A2}
	EndGlobalSection
EndGlobal
